// !$*UTF8*$!
{
	archiveVersion = 1;
	classes = {
	};
	objectVersion = 55;
	objects = {

/* Begin PBXBuildFile section */
		540B3FA8290498FE00B62DE9 /* BaseCollectionViewController.swift in Sources */ = {isa = PBXBuildFile; fileRef = 540B3FA7290498FE00B62DE9 /* BaseCollectionViewController.swift */; };
		540B3FAE2904A02A00B62DE9 /* AppsCell.swift in Sources */ = {isa = PBXBuildFile; fileRef = 540B3FAD2904A02A00B62DE9 /* AppsCell.swift */; };
		541BE6F62909507900D70EFF /* Social.swift in Sources */ = {isa = PBXBuildFile; fileRef = 541BE6F52909507900D70EFF /* Social.swift */; };
		541BE6F8290950D200D70EFF /* SocialAPI.swift in Sources */ = {isa = PBXBuildFile; fileRef = 541BE6F7290950D200D70EFF /* SocialAPI.swift */; };
		5422B8A82902DDB90073A599 /* APIMethod.swift in Sources */ = {isa = PBXBuildFile; fileRef = 5422B8A72902DDB90073A599 /* APIMethod.swift */; };
		5422B8AA2902DDC30073A599 /* APIError.swift in Sources */ = {isa = PBXBuildFile; fileRef = 5422B8A92902DDC30073A599 /* APIError.swift */; };
		5422B8AC2902DDCD0073A599 /* APIKey.swift in Sources */ = {isa = PBXBuildFile; fileRef = 5422B8AB2902DDCD0073A599 /* APIKey.swift */; };
		5422B8AE2902DF910073A599 /* ITunesAPI.swift in Sources */ = {isa = PBXBuildFile; fileRef = 5422B8AD2902DF910073A599 /* ITunesAPI.swift */; };
		5422B8B02902E4A50073A599 /* NetworkManager.swift in Sources */ = {isa = PBXBuildFile; fileRef = 5422B8AF2902E4A50073A599 /* NetworkManager.swift */; };
		5422B8B32902E8030073A599 /* ItunesResponse.swift in Sources */ = {isa = PBXBuildFile; fileRef = 5422B8B22902E8030073A599 /* ItunesResponse.swift */; };
		542CF851290177CA000BA643 /* UIHelper.swift in Sources */ = {isa = PBXBuildFile; fileRef = 542CF850290177CA000BA643 /* UIHelper.swift */; };
		542CF85429017804000BA643 /* CGFloat+Extension.swift in Sources */ = {isa = PBXBuildFile; fileRef = 542CF85329017804000BA643 /* CGFloat+Extension.swift */; };
		542CF85629017836000BA643 /* UICollectionView+Extension.swift in Sources */ = {isa = PBXBuildFile; fileRef = 542CF85529017836000BA643 /* UICollectionView+Extension.swift */; };
		542CF85829017855000BA643 /* UIImageView+Extension.swift in Sources */ = {isa = PBXBuildFile; fileRef = 542CF85729017855000BA643 /* UIImageView+Extension.swift */; };
		5449DA542906AD4F00375C55 /* AppHeaderCell.swift in Sources */ = {isa = PBXBuildFile; fileRef = 5449DA532906AD4F00375C55 /* AppHeaderCell.swift */; };
		5449DA582906D17800375C55 /* AppResponse.swift in Sources */ = {isa = PBXBuildFile; fileRef = 5449DA572906D17800375C55 /* AppResponse.swift */; };
		5449DA5A2906D19500375C55 /* Apps.swift in Sources */ = {isa = PBXBuildFile; fileRef = 5449DA592906D19500375C55 /* Apps.swift */; };
		5449DA5D2906D3FB00375C55 /* AppsAPI.swift in Sources */ = {isa = PBXBuildFile; fileRef = 5449DA5C2906D3FB00375C55 /* AppsAPI.swift */; };
		544CC60E29030F2100EE0EE5 /* Itune.swift in Sources */ = {isa = PBXBuildFile; fileRef = 544CC60D29030F2100EE0EE5 /* Itune.swift */; };
		5450820829013A1F00F397A0 /* BaseTabbarController.swift in Sources */ = {isa = PBXBuildFile; fileRef = 5450820729013A1F00F397A0 /* BaseTabbarController.swift */; };
		5450820B29013E3900F397A0 /* HomeVC.swift in Sources */ = {isa = PBXBuildFile; fileRef = 5450820A29013E3900F397A0 /* HomeVC.swift */; };
		5450820D29013E4500F397A0 /* AppsVC.swift in Sources */ = {isa = PBXBuildFile; fileRef = 5450820C29013E4500F397A0 /* AppsVC.swift */; };
		5450820F29013E5000F397A0 /* SearchVC.swift in Sources */ = {isa = PBXBuildFile; fileRef = 5450820E29013E5000F397A0 /* SearchVC.swift */; };
		545082122901431700F397A0 /* HomeViewModel.swift in Sources */ = {isa = PBXBuildFile; fileRef = 545082112901431700F397A0 /* HomeViewModel.swift */; };
		5450821429014BA700F397A0 /* AppsViewModel.swift in Sources */ = {isa = PBXBuildFile; fileRef = 5450821329014BA700F397A0 /* AppsViewModel.swift */; };
		5450821629014EDB00F397A0 /* SearchViewModel.swift in Sources */ = {isa = PBXBuildFile; fileRef = 5450821529014EDB00F397A0 /* SearchViewModel.swift */; };
		547F94882901EEB900765BBB /* UIView+Extension.swift in Sources */ = {isa = PBXBuildFile; fileRef = 547F94872901EEB900765BBB /* UIView+Extension.swift */; };
		547F948B2902032800765BBB /* VerticalStackView.swift in Sources */ = {isa = PBXBuildFile; fileRef = 547F948A2902032800765BBB /* VerticalStackView.swift */; };
		547F948D290204F800765BBB /* HorizontolStackView.swift in Sources */ = {isa = PBXBuildFile; fileRef = 547F948C290204F800765BBB /* HorizontolStackView.swift */; };
		5485A46429055704007945BE /* UILabel+Extension.swift in Sources */ = {isa = PBXBuildFile; fileRef = 5485A46329055704007945BE /* UILabel+Extension.swift */; };
		5485A466290567B8007945BE /* AppsHorizontolCollection.swift in Sources */ = {isa = PBXBuildFile; fileRef = 5485A465290567B8007945BE /* AppsHorizontolCollection.swift */; };
		5485A46B29059598007945BE /* AppsRowCell.swift in Sources */ = {isa = PBXBuildFile; fileRef = 5485A46A29059598007945BE /* AppsRowCell.swift */; };
		5485A46D2905D04A007945BE /* AppsHeader.swift in Sources */ = {isa = PBXBuildFile; fileRef = 5485A46C2905D04A007945BE /* AppsHeader.swift */; };
		5485A46F2905E18C007945BE /* AppsHeaderHoriziontolController.swift in Sources */ = {isa = PBXBuildFile; fileRef = 5485A46E2905E18C007945BE /* AppsHeaderHoriziontolController.swift */; };
		54879A9729019802004CBEFC /* SearchResultCell.swift in Sources */ = {isa = PBXBuildFile; fileRef = 54879A9629019802004CBEFC /* SearchResultCell.swift */; };
		54A61FF829012D2500D38E29 /* AppDelegate.swift in Sources */ = {isa = PBXBuildFile; fileRef = 54A61FF729012D2500D38E29 /* AppDelegate.swift */; };
		54A61FFA29012D2500D38E29 /* SceneDelegate.swift in Sources */ = {isa = PBXBuildFile; fileRef = 54A61FF929012D2500D38E29 /* SceneDelegate.swift */; };
		54A61FFC29012D2500D38E29 /* ViewController.swift in Sources */ = {isa = PBXBuildFile; fileRef = 54A61FFB29012D2500D38E29 /* ViewController.swift */; };
		54A61FFF29012D2500D38E29 /* Main.storyboard in Resources */ = {isa = PBXBuildFile; fileRef = 54A61FFD29012D2500D38E29 /* Main.storyboard */; };
		54A6200129012D2600D38E29 /* Assets.xcassets in Resources */ = {isa = PBXBuildFile; fileRef = 54A6200029012D2600D38E29 /* Assets.xcassets */; };
		54A6200429012D2600D38E29 /* LaunchScreen.storyboard in Resources */ = {isa = PBXBuildFile; fileRef = 54A6200229012D2600D38E29 /* LaunchScreen.storyboard */; };
		54A6200F29012D2600D38E29 /* AppStoreTests.swift in Sources */ = {isa = PBXBuildFile; fileRef = 54A6200E29012D2600D38E29 /* AppStoreTests.swift */; };
		54A6201929012D2600D38E29 /* AppStoreUITests.swift in Sources */ = {isa = PBXBuildFile; fileRef = 54A6201829012D2600D38E29 /* AppStoreUITests.swift */; };
		54A6201B29012D2600D38E29 /* AppStoreUITestsLaunchTests.swift in Sources */ = {isa = PBXBuildFile; fileRef = 54A6201A29012D2600D38E29 /* AppStoreUITestsLaunchTests.swift */; };
		54E8BF542907062500EB52D2 /* FeedResponse.swift in Sources */ = {isa = PBXBuildFile; fileRef = 54E8BF532907062500EB52D2 /* FeedResponse.swift */; };
		70411AF848F024282DE4B11F /* Pods_AppStoreTests.framework in Frameworks */ = {isa = PBXBuildFile; fileRef = 5E4C39C409E53110491CCD18 /* Pods_AppStoreTests.framework */; };
		BB9C72B36FFA8971F3D9FFA6 /* Pods_AppStore.framework in Frameworks */ = {isa = PBXBuildFile; fileRef = D90A070E17E176118714D136 /* Pods_AppStore.framework */; };
		FA2BB7E66939934316730E7D /* Pods_AppStore_AppStoreUITests.framework in Frameworks */ = {isa = PBXBuildFile; fileRef = FCABF939D420FB1937273021 /* Pods_AppStore_AppStoreUITests.framework */; };
/* End PBXBuildFile section */

/* Begin PBXContainerItemProxy section */
		54A6200B29012D2600D38E29 /* PBXContainerItemProxy */ = {
			isa = PBXContainerItemProxy;
			containerPortal = 54A61FEC29012D2500D38E29 /* Project object */;
			proxyType = 1;
			remoteGlobalIDString = 54A61FF329012D2500D38E29;
			remoteInfo = AppStore;
		};
		54A6201529012D2600D38E29 /* PBXContainerItemProxy */ = {
			isa = PBXContainerItemProxy;
			containerPortal = 54A61FEC29012D2500D38E29 /* Project object */;
			proxyType = 1;
			remoteGlobalIDString = 54A61FF329012D2500D38E29;
			remoteInfo = AppStore;
		};
/* End PBXContainerItemProxy section */

/* Begin PBXFileReference section */
		0A9BA91E645045851326BD3B /* Pods-AppStore.release.xcconfig */ = {isa = PBXFileReference; includeInIndex = 1; lastKnownFileType = text.xcconfig; name = "Pods-AppStore.release.xcconfig"; path = "Target Support Files/Pods-AppStore/Pods-AppStore.release.xcconfig"; sourceTree = "<group>"; };
		1C017F021A9FB705DDEEFC8D /* Pods-AppStoreTests.debug.xcconfig */ = {isa = PBXFileReference; includeInIndex = 1; lastKnownFileType = text.xcconfig; name = "Pods-AppStoreTests.debug.xcconfig"; path = "Target Support Files/Pods-AppStoreTests/Pods-AppStoreTests.debug.xcconfig"; sourceTree = "<group>"; };
		540B3FA7290498FE00B62DE9 /* BaseCollectionViewController.swift */ = {isa = PBXFileReference; lastKnownFileType = sourcecode.swift; path = BaseCollectionViewController.swift; sourceTree = "<group>"; };
		540B3FAD2904A02A00B62DE9 /* AppsCell.swift */ = {isa = PBXFileReference; lastKnownFileType = sourcecode.swift; path = AppsCell.swift; sourceTree = "<group>"; };
		541BE6F52909507900D70EFF /* Social.swift */ = {isa = PBXFileReference; lastKnownFileType = sourcecode.swift; path = Social.swift; sourceTree = "<group>"; };
		541BE6F7290950D200D70EFF /* SocialAPI.swift */ = {isa = PBXFileReference; lastKnownFileType = sourcecode.swift; path = SocialAPI.swift; sourceTree = "<group>"; };
		5422B8A72902DDB90073A599 /* APIMethod.swift */ = {isa = PBXFileReference; lastKnownFileType = sourcecode.swift; path = APIMethod.swift; sourceTree = "<group>"; };
		5422B8A92902DDC30073A599 /* APIError.swift */ = {isa = PBXFileReference; lastKnownFileType = sourcecode.swift; path = APIError.swift; sourceTree = "<group>"; };
		5422B8AB2902DDCD0073A599 /* APIKey.swift */ = {isa = PBXFileReference; lastKnownFileType = sourcecode.swift; path = APIKey.swift; sourceTree = "<group>"; };
		5422B8AD2902DF910073A599 /* ITunesAPI.swift */ = {isa = PBXFileReference; lastKnownFileType = sourcecode.swift; path = ITunesAPI.swift; sourceTree = "<group>"; };
		5422B8AF2902E4A50073A599 /* NetworkManager.swift */ = {isa = PBXFileReference; lastKnownFileType = sourcecode.swift; path = NetworkManager.swift; sourceTree = "<group>"; };
		5422B8B22902E8030073A599 /* ItunesResponse.swift */ = {isa = PBXFileReference; lastKnownFileType = sourcecode.swift; path = ItunesResponse.swift; sourceTree = "<group>"; };
		542CF850290177CA000BA643 /* UIHelper.swift */ = {isa = PBXFileReference; lastKnownFileType = sourcecode.swift; path = UIHelper.swift; sourceTree = "<group>"; };
		542CF85329017804000BA643 /* CGFloat+Extension.swift */ = {isa = PBXFileReference; lastKnownFileType = sourcecode.swift; path = "CGFloat+Extension.swift"; sourceTree = "<group>"; };
		542CF85529017836000BA643 /* UICollectionView+Extension.swift */ = {isa = PBXFileReference; lastKnownFileType = sourcecode.swift; path = "UICollectionView+Extension.swift"; sourceTree = "<group>"; };
		542CF85729017855000BA643 /* UIImageView+Extension.swift */ = {isa = PBXFileReference; lastKnownFileType = sourcecode.swift; path = "UIImageView+Extension.swift"; sourceTree = "<group>"; };
		5449DA532906AD4F00375C55 /* AppHeaderCell.swift */ = {isa = PBXFileReference; lastKnownFileType = sourcecode.swift; path = AppHeaderCell.swift; sourceTree = "<group>"; };
		5449DA572906D17800375C55 /* AppResponse.swift */ = {isa = PBXFileReference; lastKnownFileType = sourcecode.swift; path = AppResponse.swift; sourceTree = "<group>"; };
		5449DA592906D19500375C55 /* Apps.swift */ = {isa = PBXFileReference; lastKnownFileType = sourcecode.swift; path = Apps.swift; sourceTree = "<group>"; };
		5449DA5C2906D3FB00375C55 /* AppsAPI.swift */ = {isa = PBXFileReference; lastKnownFileType = sourcecode.swift; path = AppsAPI.swift; sourceTree = "<group>"; };
		544CC60D29030F2100EE0EE5 /* Itune.swift */ = {isa = PBXFileReference; lastKnownFileType = sourcecode.swift; path = Itune.swift; sourceTree = "<group>"; };
		5450820729013A1F00F397A0 /* BaseTabbarController.swift */ = {isa = PBXFileReference; lastKnownFileType = sourcecode.swift; path = BaseTabbarController.swift; sourceTree = "<group>"; };
		5450820A29013E3900F397A0 /* HomeVC.swift */ = {isa = PBXFileReference; lastKnownFileType = sourcecode.swift; path = HomeVC.swift; sourceTree = "<group>"; };
		5450820C29013E4500F397A0 /* AppsVC.swift */ = {isa = PBXFileReference; lastKnownFileType = sourcecode.swift; path = AppsVC.swift; sourceTree = "<group>"; };
		5450820E29013E5000F397A0 /* SearchVC.swift */ = {isa = PBXFileReference; lastKnownFileType = sourcecode.swift; path = SearchVC.swift; sourceTree = "<group>"; };
		545082112901431700F397A0 /* HomeViewModel.swift */ = {isa = PBXFileReference; lastKnownFileType = sourcecode.swift; path = HomeViewModel.swift; sourceTree = "<group>"; };
		5450821329014BA700F397A0 /* AppsViewModel.swift */ = {isa = PBXFileReference; lastKnownFileType = sourcecode.swift; path = AppsViewModel.swift; sourceTree = "<group>"; };
		5450821529014EDB00F397A0 /* SearchViewModel.swift */ = {isa = PBXFileReference; lastKnownFileType = sourcecode.swift; path = SearchViewModel.swift; sourceTree = "<group>"; };
		547F94872901EEB900765BBB /* UIView+Extension.swift */ = {isa = PBXFileReference; lastKnownFileType = sourcecode.swift; path = "UIView+Extension.swift"; sourceTree = "<group>"; };
		547F948A2902032800765BBB /* VerticalStackView.swift */ = {isa = PBXFileReference; lastKnownFileType = sourcecode.swift; path = VerticalStackView.swift; sourceTree = "<group>"; };
		547F948C290204F800765BBB /* HorizontolStackView.swift */ = {isa = PBXFileReference; lastKnownFileType = sourcecode.swift; path = HorizontolStackView.swift; sourceTree = "<group>"; };
		5485A46329055704007945BE /* UILabel+Extension.swift */ = {isa = PBXFileReference; lastKnownFileType = sourcecode.swift; path = "UILabel+Extension.swift"; sourceTree = "<group>"; };
		5485A465290567B8007945BE /* AppsHorizontolCollection.swift */ = {isa = PBXFileReference; lastKnownFileType = sourcecode.swift; path = AppsHorizontolCollection.swift; sourceTree = "<group>"; };
		5485A46A29059598007945BE /* AppsRowCell.swift */ = {isa = PBXFileReference; lastKnownFileType = sourcecode.swift; path = AppsRowCell.swift; sourceTree = "<group>"; };
		5485A46C2905D04A007945BE /* AppsHeader.swift */ = {isa = PBXFileReference; lastKnownFileType = sourcecode.swift; path = AppsHeader.swift; sourceTree = "<group>"; };
		5485A46E2905E18C007945BE /* AppsHeaderHoriziontolController.swift */ = {isa = PBXFileReference; lastKnownFileType = sourcecode.swift; path = AppsHeaderHoriziontolController.swift; sourceTree = "<group>"; };
		54879A9629019802004CBEFC /* SearchResultCell.swift */ = {isa = PBXFileReference; lastKnownFileType = sourcecode.swift; path = SearchResultCell.swift; sourceTree = "<group>"; };
		54A61FF429012D2500D38E29 /* AppStore.app */ = {isa = PBXFileReference; explicitFileType = wrapper.application; includeInIndex = 0; path = AppStore.app; sourceTree = BUILT_PRODUCTS_DIR; };
		54A61FF729012D2500D38E29 /* AppDelegate.swift */ = {isa = PBXFileReference; lastKnownFileType = sourcecode.swift; path = AppDelegate.swift; sourceTree = "<group>"; };
		54A61FF929012D2500D38E29 /* SceneDelegate.swift */ = {isa = PBXFileReference; lastKnownFileType = sourcecode.swift; path = SceneDelegate.swift; sourceTree = "<group>"; };
		54A61FFB29012D2500D38E29 /* ViewController.swift */ = {isa = PBXFileReference; lastKnownFileType = sourcecode.swift; path = ViewController.swift; sourceTree = "<group>"; };
		54A61FFE29012D2500D38E29 /* Base */ = {isa = PBXFileReference; lastKnownFileType = file.storyboard; name = Base; path = Base.lproj/Main.storyboard; sourceTree = "<group>"; };
		54A6200029012D2600D38E29 /* Assets.xcassets */ = {isa = PBXFileReference; lastKnownFileType = folder.assetcatalog; path = Assets.xcassets; sourceTree = "<group>"; };
		54A6200329012D2600D38E29 /* Base */ = {isa = PBXFileReference; lastKnownFileType = file.storyboard; name = Base; path = Base.lproj/LaunchScreen.storyboard; sourceTree = "<group>"; };
		54A6200529012D2600D38E29 /* Info.plist */ = {isa = PBXFileReference; lastKnownFileType = text.plist.xml; path = Info.plist; sourceTree = "<group>"; };
		54A6200A29012D2600D38E29 /* AppStoreTests.xctest */ = {isa = PBXFileReference; explicitFileType = wrapper.cfbundle; includeInIndex = 0; path = AppStoreTests.xctest; sourceTree = BUILT_PRODUCTS_DIR; };
		54A6200E29012D2600D38E29 /* AppStoreTests.swift */ = {isa = PBXFileReference; lastKnownFileType = sourcecode.swift; path = AppStoreTests.swift; sourceTree = "<group>"; };
		54A6201429012D2600D38E29 /* AppStoreUITests.xctest */ = {isa = PBXFileReference; explicitFileType = wrapper.cfbundle; includeInIndex = 0; path = AppStoreUITests.xctest; sourceTree = BUILT_PRODUCTS_DIR; };
		54A6201829012D2600D38E29 /* AppStoreUITests.swift */ = {isa = PBXFileReference; lastKnownFileType = sourcecode.swift; path = AppStoreUITests.swift; sourceTree = "<group>"; };
		54A6201A29012D2600D38E29 /* AppStoreUITestsLaunchTests.swift */ = {isa = PBXFileReference; lastKnownFileType = sourcecode.swift; path = AppStoreUITestsLaunchTests.swift; sourceTree = "<group>"; };
		54E8BF532907062500EB52D2 /* FeedResponse.swift */ = {isa = PBXFileReference; lastKnownFileType = sourcecode.swift; path = FeedResponse.swift; sourceTree = "<group>"; };
		5D3433DC6E99BC0CB7E502CF /* Pods-AppStore.debug.xcconfig */ = {isa = PBXFileReference; includeInIndex = 1; lastKnownFileType = text.xcconfig; name = "Pods-AppStore.debug.xcconfig"; path = "Target Support Files/Pods-AppStore/Pods-AppStore.debug.xcconfig"; sourceTree = "<group>"; };
		5E4C39C409E53110491CCD18 /* Pods_AppStoreTests.framework */ = {isa = PBXFileReference; explicitFileType = wrapper.framework; includeInIndex = 0; path = Pods_AppStoreTests.framework; sourceTree = BUILT_PRODUCTS_DIR; };
		7791F318EC8EF05A6333829F /* Pods-AppStore-AppStoreUITests.debug.xcconfig */ = {isa = PBXFileReference; includeInIndex = 1; lastKnownFileType = text.xcconfig; name = "Pods-AppStore-AppStoreUITests.debug.xcconfig"; path = "Target Support Files/Pods-AppStore-AppStoreUITests/Pods-AppStore-AppStoreUITests.debug.xcconfig"; sourceTree = "<group>"; };
		992F70C66E460C8CD13DDF1B /* Pods-AppStore-AppStoreUITests.release.xcconfig */ = {isa = PBXFileReference; includeInIndex = 1; lastKnownFileType = text.xcconfig; name = "Pods-AppStore-AppStoreUITests.release.xcconfig"; path = "Target Support Files/Pods-AppStore-AppStoreUITests/Pods-AppStore-AppStoreUITests.release.xcconfig"; sourceTree = "<group>"; };
		D90A070E17E176118714D136 /* Pods_AppStore.framework */ = {isa = PBXFileReference; explicitFileType = wrapper.framework; includeInIndex = 0; path = Pods_AppStore.framework; sourceTree = BUILT_PRODUCTS_DIR; };
		DF30B71C8B7B10F38116105D /* Pods-AppStoreTests.release.xcconfig */ = {isa = PBXFileReference; includeInIndex = 1; lastKnownFileType = text.xcconfig; name = "Pods-AppStoreTests.release.xcconfig"; path = "Target Support Files/Pods-AppStoreTests/Pods-AppStoreTests.release.xcconfig"; sourceTree = "<group>"; };
		FCABF939D420FB1937273021 /* Pods_AppStore_AppStoreUITests.framework */ = {isa = PBXFileReference; explicitFileType = wrapper.framework; includeInIndex = 0; path = Pods_AppStore_AppStoreUITests.framework; sourceTree = BUILT_PRODUCTS_DIR; };
/* End PBXFileReference section */

/* Begin PBXFrameworksBuildPhase section */
		54A61FF129012D2500D38E29 /* Frameworks */ = {
			isa = PBXFrameworksBuildPhase;
			buildActionMask = 2147483647;
			files = (
				BB9C72B36FFA8971F3D9FFA6 /* Pods_AppStore.framework in Frameworks */,
			);
			runOnlyForDeploymentPostprocessing = 0;
		};
		54A6200729012D2600D38E29 /* Frameworks */ = {
			isa = PBXFrameworksBuildPhase;
			buildActionMask = 2147483647;
			files = (
				70411AF848F024282DE4B11F /* Pods_AppStoreTests.framework in Frameworks */,
			);
			runOnlyForDeploymentPostprocessing = 0;
		};
		54A6201129012D2600D38E29 /* Frameworks */ = {
			isa = PBXFrameworksBuildPhase;
			buildActionMask = 2147483647;
			files = (
				FA2BB7E66939934316730E7D /* Pods_AppStore_AppStoreUITests.framework in Frameworks */,
			);
			runOnlyForDeploymentPostprocessing = 0;
		};
/* End PBXFrameworksBuildPhase section */

/* Begin PBXGroup section */
		38573505B5227652250CF4F4 /* Pods */ = {
			isa = PBXGroup;
			children = (
				5D3433DC6E99BC0CB7E502CF /* Pods-AppStore.debug.xcconfig */,
				0A9BA91E645045851326BD3B /* Pods-AppStore.release.xcconfig */,
				7791F318EC8EF05A6333829F /* Pods-AppStore-AppStoreUITests.debug.xcconfig */,
				992F70C66E460C8CD13DDF1B /* Pods-AppStore-AppStoreUITests.release.xcconfig */,
				1C017F021A9FB705DDEEFC8D /* Pods-AppStoreTests.debug.xcconfig */,
				DF30B71C8B7B10F38116105D /* Pods-AppStoreTests.release.xcconfig */,
			);
			path = Pods;
			sourceTree = "<group>";
		};
		540B3FA6290498D500B62DE9 /* BaseCollectionViewController */ = {
			isa = PBXGroup;
			children = (
				540B3FA7290498FE00B62DE9 /* BaseCollectionViewController.swift */,
			);
			path = BaseCollectionViewController;
			sourceTree = "<group>";
		};
		540B3FA929049A6900B62DE9 /* Search */ = {
			isa = PBXGroup;
			children = (
				5485A4672905954F007945BE /* Cell */,
				5450821529014EDB00F397A0 /* SearchViewModel.swift */,
				5450820E29013E5000F397A0 /* SearchVC.swift */,
			);
			path = Search;
			sourceTree = "<group>";
		};
		540B3FAA29049A7400B62DE9 /* Apps */ = {
			isa = PBXGroup;
			children = (
				5485A4702905E39F007945BE /* AppsHeader */,
				5485A46829059560007945BE /* Cell */,
				5450821329014BA700F397A0 /* AppsViewModel.swift */,
				5450820C29013E4500F397A0 /* AppsVC.swift */,
				5485A465290567B8007945BE /* AppsHorizontolCollection.swift */,
			);
			path = Apps;
			sourceTree = "<group>";
		};
		540B3FAB29049A7B00B62DE9 /* Home */ = {
			isa = PBXGroup;
			children = (
				545082112901431700F397A0 /* HomeViewModel.swift */,
				5450820A29013E3900F397A0 /* HomeVC.swift */,
			);
			path = Home;
			sourceTree = "<group>";
		};
		540B3FAC29049A9300B62DE9 /* BaseTabbar */ = {
			isa = PBXGroup;
			children = (
				5450820729013A1F00F397A0 /* BaseTabbarController.swift */,
			);
			path = BaseTabbar;
			sourceTree = "<group>";
		};
		541BE6F42909506900D70EFF /* SocialModel */ = {
			isa = PBXGroup;
			children = (
				541BE6F52909507900D70EFF /* Social.swift */,
			);
			path = SocialModel;
			sourceTree = "<group>";
		};
		541BE6F929096F5100D70EFF /* New Group */ = {
			isa = PBXGroup;
			children = (
			);
			path = "New Group";
			sourceTree = "<group>";
		};
		5422B8A62902DD990073A599 /* Services */ = {
			isa = PBXGroup;
			children = (
				5449DA5B2906D37500375C55 /* APIs */,
				5422B8A72902DDB90073A599 /* APIMethod.swift */,
				5422B8A92902DDC30073A599 /* APIError.swift */,
				5422B8AB2902DDCD0073A599 /* APIKey.swift */,
				5422B8AF2902E4A50073A599 /* NetworkManager.swift */,
			);
			path = Services;
			sourceTree = "<group>";
		};
		5422B8B12902E7EC0073A599 /* Models */ = {
			isa = PBXGroup;
			children = (
				541BE6F42909506900D70EFF /* SocialModel */,
				5449DA562906D13900375C55 /* AppModel */,
				5449DA552906D12500375C55 /* ITuneModel */,
			);
			path = Models;
			sourceTree = "<group>";
		};
		542CF84F290177B6000BA643 /* Utilities */ = {
			isa = PBXGroup;
			children = (
				547F94892902030800765BBB /* Helpers */,
				542CF852290177ED000BA643 /* Extension */,
			);
			path = Utilities;
			sourceTree = "<group>";
		};
		542CF852290177ED000BA643 /* Extension */ = {
			isa = PBXGroup;
			children = (
				542CF85329017804000BA643 /* CGFloat+Extension.swift */,
				542CF85529017836000BA643 /* UICollectionView+Extension.swift */,
				542CF85729017855000BA643 /* UIImageView+Extension.swift */,
				547F94872901EEB900765BBB /* UIView+Extension.swift */,
				5485A46329055704007945BE /* UILabel+Extension.swift */,
			);
			path = Extension;
			sourceTree = "<group>";
		};
		5449DA552906D12500375C55 /* ITuneModel */ = {
			isa = PBXGroup;
			children = (
				5422B8B22902E8030073A599 /* ItunesResponse.swift */,
				544CC60D29030F2100EE0EE5 /* Itune.swift */,
			);
			path = ITuneModel;
			sourceTree = "<group>";
		};
		5449DA562906D13900375C55 /* AppModel */ = {
			isa = PBXGroup;
			children = (
				5449DA572906D17800375C55 /* AppResponse.swift */,
				54E8BF532907062500EB52D2 /* FeedResponse.swift */,
				5449DA592906D19500375C55 /* Apps.swift */,
			);
			path = AppModel;
			sourceTree = "<group>";
		};
		5449DA5B2906D37500375C55 /* APIs */ = {
			isa = PBXGroup;
			children = (
				5422B8AD2902DF910073A599 /* ITunesAPI.swift */,
				5449DA5C2906D3FB00375C55 /* AppsAPI.swift */,
				541BE6F7290950D200D70EFF /* SocialAPI.swift */,
			);
			path = APIs;
			sourceTree = "<group>";
		};
		5450820929013E1800F397A0 /* Screens */ = {
			isa = PBXGroup;
			children = (
				540B3FAC29049A9300B62DE9 /* BaseTabbar */,
				540B3FAB29049A7B00B62DE9 /* Home */,
				540B3FAA29049A7400B62DE9 /* Apps */,
				540B3FA929049A6900B62DE9 /* Search */,
				540B3FA6290498D500B62DE9 /* BaseCollectionViewController */,
			);
			path = Screens;
			sourceTree = "<group>";
		};
		545082102901430900F397A0 /* ViewModels */ = {
			isa = PBXGroup;
			children = (
			);
			path = ViewModels;
			sourceTree = "<group>";
		};
		547F94892902030800765BBB /* Helpers */ = {
			isa = PBXGroup;
			children = (
				542CF850290177CA000BA643 /* UIHelper.swift */,
				547F948A2902032800765BBB /* VerticalStackView.swift */,
				547F948C290204F800765BBB /* HorizontolStackView.swift */,
			);
			path = Helpers;
			sourceTree = "<group>";
		};
		5485A4672905954F007945BE /* Cell */ = {
			isa = PBXGroup;
			children = (
				54879A9629019802004CBEFC /* SearchResultCell.swift */,
			);
			path = Cell;
			sourceTree = "<group>";
		};
		5485A46829059560007945BE /* Cell */ = {
			isa = PBXGroup;
			children = (
				5485A46A29059598007945BE /* AppsRowCell.swift */,
				540B3FAD2904A02A00B62DE9 /* AppsCell.swift */,
			);
			path = Cell;
			sourceTree = "<group>";
		};
		5485A4702905E39F007945BE /* AppsHeader */ = {
			isa = PBXGroup;
			children = (
				5485A46E2905E18C007945BE /* AppsHeaderHoriziontolController.swift */,
				5485A46C2905D04A007945BE /* AppsHeader.swift */,
				5449DA532906AD4F00375C55 /* AppHeaderCell.swift */,
			);
			path = AppsHeader;
			sourceTree = "<group>";
		};
		54879A9129019252004CBEFC /* Resources */ = {
			isa = PBXGroup;
			children = (
				54A6200229012D2600D38E29 /* LaunchScreen.storyboard */,
				54A6200029012D2600D38E29 /* Assets.xcassets */,
				54A61FFD29012D2500D38E29 /* Main.storyboard */,
				54A61FFB29012D2500D38E29 /* ViewController.swift */,
			);
			path = Resources;
			sourceTree = "<group>";
		};
		54879A9229019263004CBEFC /* App */ = {
			isa = PBXGroup;
			children = (
				54A61FF929012D2500D38E29 /* SceneDelegate.swift */,
				54A61FF729012D2500D38E29 /* AppDelegate.swift */,
			);
			path = App;
			sourceTree = "<group>";
		};
		54879A93290192CD004CBEFC /* Supports */ = {
			isa = PBXGroup;
			children = (
				54A6200529012D2600D38E29 /* Info.plist */,
			);
			path = Supports;
			sourceTree = "<group>";
		};
		54879A94290196E0004CBEFC /* Views */ = {
			isa = PBXGroup;
			children = (
			);
			path = Views;
			sourceTree = "<group>";
		};
		54A61FEB29012D2500D38E29 = {
			isa = PBXGroup;
			children = (
				54A61FF629012D2500D38E29 /* AppStore */,
				54A6200D29012D2600D38E29 /* AppStoreTests */,
				54A6201729012D2600D38E29 /* AppStoreUITests */,
				54A61FF529012D2500D38E29 /* Products */,
				38573505B5227652250CF4F4 /* Pods */,
				E7D909EA21E2E46ABFD3251F /* Frameworks */,
			);
			sourceTree = "<group>";
		};
		54A61FF529012D2500D38E29 /* Products */ = {
			isa = PBXGroup;
			children = (
				54A61FF429012D2500D38E29 /* AppStore.app */,
				54A6200A29012D2600D38E29 /* AppStoreTests.xctest */,
				54A6201429012D2600D38E29 /* AppStoreUITests.xctest */,
			);
			name = Products;
			sourceTree = "<group>";
		};
		54A61FF629012D2500D38E29 /* AppStore */ = {
			isa = PBXGroup;
			children = (
				541BE6F929096F5100D70EFF /* New Group */,
				54879A9229019263004CBEFC /* App */,
				5450820929013E1800F397A0 /* Screens */,
				5422B8B12902E7EC0073A599 /* Models */,
				54879A9129019252004CBEFC /* Resources */,
				5422B8A62902DD990073A599 /* Services */,
				54879A93290192CD004CBEFC /* Supports */,
				542CF84F290177B6000BA643 /* Utilities */,
				545082102901430900F397A0 /* ViewModels */,
				54879A94290196E0004CBEFC /* Views */,
			);
			path = AppStore;
			sourceTree = "<group>";
		};
		54A6200D29012D2600D38E29 /* AppStoreTests */ = {
			isa = PBXGroup;
			children = (
				54A6200E29012D2600D38E29 /* AppStoreTests.swift */,
			);
			path = AppStoreTests;
			sourceTree = "<group>";
		};
		54A6201729012D2600D38E29 /* AppStoreUITests */ = {
			isa = PBXGroup;
			children = (
				54A6201829012D2600D38E29 /* AppStoreUITests.swift */,
				54A6201A29012D2600D38E29 /* AppStoreUITestsLaunchTests.swift */,
			);
			path = AppStoreUITests;
			sourceTree = "<group>";
		};
		E7D909EA21E2E46ABFD3251F /* Frameworks */ = {
			isa = PBXGroup;
			children = (
				D90A070E17E176118714D136 /* Pods_AppStore.framework */,
				FCABF939D420FB1937273021 /* Pods_AppStore_AppStoreUITests.framework */,
				5E4C39C409E53110491CCD18 /* Pods_AppStoreTests.framework */,
			);
			name = Frameworks;
			sourceTree = "<group>";
		};
/* End PBXGroup section */

/* Begin PBXNativeTarget section */
		54A61FF329012D2500D38E29 /* AppStore */ = {
			isa = PBXNativeTarget;
			buildConfigurationList = 54A6201E29012D2600D38E29 /* Build configuration list for PBXNativeTarget "AppStore" */;
			buildPhases = (
				F09BE87C514670B8BEB1C49F /* [CP] Check Pods Manifest.lock */,
				54A61FF029012D2500D38E29 /* Sources */,
				54A61FF129012D2500D38E29 /* Frameworks */,
				54A61FF229012D2500D38E29 /* Resources */,
				F94B3A6BE16EDD0B2EC82F4B /* [CP] Embed Pods Frameworks */,
			);
			buildRules = (
			);
			dependencies = (
			);
			name = AppStore;
			productName = AppStore;
			productReference = 54A61FF429012D2500D38E29 /* AppStore.app */;
			productType = "com.apple.product-type.application";
		};
		54A6200929012D2600D38E29 /* AppStoreTests */ = {
			isa = PBXNativeTarget;
			buildConfigurationList = 54A6202129012D2600D38E29 /* Build configuration list for PBXNativeTarget "AppStoreTests" */;
			buildPhases = (
				ECDCEE290E4BAF5CD74F3E5D /* [CP] Check Pods Manifest.lock */,
				54A6200629012D2600D38E29 /* Sources */,
				54A6200729012D2600D38E29 /* Frameworks */,
				54A6200829012D2600D38E29 /* Resources */,
			);
			buildRules = (
			);
			dependencies = (
				54A6200C29012D2600D38E29 /* PBXTargetDependency */,
			);
			name = AppStoreTests;
			productName = AppStoreTests;
			productReference = 54A6200A29012D2600D38E29 /* AppStoreTests.xctest */;
			productType = "com.apple.product-type.bundle.unit-test";
		};
		54A6201329012D2600D38E29 /* AppStoreUITests */ = {
			isa = PBXNativeTarget;
			buildConfigurationList = 54A6202429012D2600D38E29 /* Build configuration list for PBXNativeTarget "AppStoreUITests" */;
			buildPhases = (
				BCE89CAD633269BE370A335A /* [CP] Check Pods Manifest.lock */,
				54A6201029012D2600D38E29 /* Sources */,
				54A6201129012D2600D38E29 /* Frameworks */,
				54A6201229012D2600D38E29 /* Resources */,
				127F15AA699B56CE52C84F22 /* [CP] Embed Pods Frameworks */,
			);
			buildRules = (
			);
			dependencies = (
				54A6201629012D2600D38E29 /* PBXTargetDependency */,
			);
			name = AppStoreUITests;
			productName = AppStoreUITests;
			productReference = 54A6201429012D2600D38E29 /* AppStoreUITests.xctest */;
			productType = "com.apple.product-type.bundle.ui-testing";
		};
/* End PBXNativeTarget section */

/* Begin PBXProject section */
		54A61FEC29012D2500D38E29 /* Project object */ = {
			isa = PBXProject;
			attributes = {
				BuildIndependentTargetsInParallel = 1;
				LastSwiftUpdateCheck = 1330;
				LastUpgradeCheck = 1330;
				TargetAttributes = {
					54A61FF329012D2500D38E29 = {
						CreatedOnToolsVersion = 13.3.1;
						LastSwiftMigration = 1330;
					};
					54A6200929012D2600D38E29 = {
						CreatedOnToolsVersion = 13.3.1;
						TestTargetID = 54A61FF329012D2500D38E29;
					};
					54A6201329012D2600D38E29 = {
						CreatedOnToolsVersion = 13.3.1;
						TestTargetID = 54A61FF329012D2500D38E29;
					};
				};
			};
			buildConfigurationList = 54A61FEF29012D2500D38E29 /* Build configuration list for PBXProject "AppStore" */;
			compatibilityVersion = "Xcode 13.0";
			developmentRegion = en;
			hasScannedForEncodings = 0;
			knownRegions = (
				en,
				Base,
			);
			mainGroup = 54A61FEB29012D2500D38E29;
			productRefGroup = 54A61FF529012D2500D38E29 /* Products */;
			projectDirPath = "";
			projectRoot = "";
			targets = (
				54A61FF329012D2500D38E29 /* AppStore */,
				54A6200929012D2600D38E29 /* AppStoreTests */,
				54A6201329012D2600D38E29 /* AppStoreUITests */,
			);
		};
/* End PBXProject section */

/* Begin PBXResourcesBuildPhase section */
		54A61FF229012D2500D38E29 /* Resources */ = {
			isa = PBXResourcesBuildPhase;
			buildActionMask = 2147483647;
			files = (
				54A6200429012D2600D38E29 /* LaunchScreen.storyboard in Resources */,
				54A6200129012D2600D38E29 /* Assets.xcassets in Resources */,
				54A61FFF29012D2500D38E29 /* Main.storyboard in Resources */,
			);
			runOnlyForDeploymentPostprocessing = 0;
		};
		54A6200829012D2600D38E29 /* Resources */ = {
			isa = PBXResourcesBuildPhase;
			buildActionMask = 2147483647;
			files = (
			);
			runOnlyForDeploymentPostprocessing = 0;
		};
		54A6201229012D2600D38E29 /* Resources */ = {
			isa = PBXResourcesBuildPhase;
			buildActionMask = 2147483647;
			files = (
			);
			runOnlyForDeploymentPostprocessing = 0;
		};
/* End PBXResourcesBuildPhase section */

/* Begin PBXShellScriptBuildPhase section */
		127F15AA699B56CE52C84F22 /* [CP] Embed Pods Frameworks */ = {
			isa = PBXShellScriptBuildPhase;
			buildActionMask = 2147483647;
			files = (
			);
			inputFileListPaths = (
				"${PODS_ROOT}/Target Support Files/Pods-AppStore-AppStoreUITests/Pods-AppStore-AppStoreUITests-frameworks-${CONFIGURATION}-input-files.xcfilelist",
			);
			name = "[CP] Embed Pods Frameworks";
			outputFileListPaths = (
				"${PODS_ROOT}/Target Support Files/Pods-AppStore-AppStoreUITests/Pods-AppStore-AppStoreUITests-frameworks-${CONFIGURATION}-output-files.xcfilelist",
			);
			runOnlyForDeploymentPostprocessing = 0;
			shellPath = /bin/sh;
			shellScript = "\"${PODS_ROOT}/Target Support Files/Pods-AppStore-AppStoreUITests/Pods-AppStore-AppStoreUITests-frameworks.sh\"\n";
			showEnvVarsInLog = 0;
		};
		BCE89CAD633269BE370A335A /* [CP] Check Pods Manifest.lock */ = {
			isa = PBXShellScriptBuildPhase;
			buildActionMask = 2147483647;
			files = (
			);
			inputFileListPaths = (
			);
			inputPaths = (
				"${PODS_PODFILE_DIR_PATH}/Podfile.lock",
				"${PODS_ROOT}/Manifest.lock",
			);
			name = "[CP] Check Pods Manifest.lock";
			outputFileListPaths = (
			);
			outputPaths = (
				"$(DERIVED_FILE_DIR)/Pods-AppStore-AppStoreUITests-checkManifestLockResult.txt",
			);
			runOnlyForDeploymentPostprocessing = 0;
			shellPath = /bin/sh;
			shellScript = "diff \"${PODS_PODFILE_DIR_PATH}/Podfile.lock\" \"${PODS_ROOT}/Manifest.lock\" > /dev/null\nif [ $? != 0 ] ; then\n    # print error to STDERR\n    echo \"error: The sandbox is not in sync with the Podfile.lock. Run 'pod install' or update your CocoaPods installation.\" >&2\n    exit 1\nfi\n# This output is used by Xcode 'outputs' to avoid re-running this script phase.\necho \"SUCCESS\" > \"${SCRIPT_OUTPUT_FILE_0}\"\n";
			showEnvVarsInLog = 0;
		};
		ECDCEE290E4BAF5CD74F3E5D /* [CP] Check Pods Manifest.lock */ = {
			isa = PBXShellScriptBuildPhase;
			buildActionMask = 2147483647;
			files = (
			);
			inputFileListPaths = (
			);
			inputPaths = (
				"${PODS_PODFILE_DIR_PATH}/Podfile.lock",
				"${PODS_ROOT}/Manifest.lock",
			);
			name = "[CP] Check Pods Manifest.lock";
			outputFileListPaths = (
			);
			outputPaths = (
				"$(DERIVED_FILE_DIR)/Pods-AppStoreTests-checkManifestLockResult.txt",
			);
			runOnlyForDeploymentPostprocessing = 0;
			shellPath = /bin/sh;
			shellScript = "diff \"${PODS_PODFILE_DIR_PATH}/Podfile.lock\" \"${PODS_ROOT}/Manifest.lock\" > /dev/null\nif [ $? != 0 ] ; then\n    # print error to STDERR\n    echo \"error: The sandbox is not in sync with the Podfile.lock. Run 'pod install' or update your CocoaPods installation.\" >&2\n    exit 1\nfi\n# This output is used by Xcode 'outputs' to avoid re-running this script phase.\necho \"SUCCESS\" > \"${SCRIPT_OUTPUT_FILE_0}\"\n";
			showEnvVarsInLog = 0;
		};
		F09BE87C514670B8BEB1C49F /* [CP] Check Pods Manifest.lock */ = {
			isa = PBXShellScriptBuildPhase;
			buildActionMask = 2147483647;
			files = (
			);
			inputFileListPaths = (
			);
			inputPaths = (
				"${PODS_PODFILE_DIR_PATH}/Podfile.lock",
				"${PODS_ROOT}/Manifest.lock",
			);
			name = "[CP] Check Pods Manifest.lock";
			outputFileListPaths = (
			);
			outputPaths = (
				"$(DERIVED_FILE_DIR)/Pods-AppStore-checkManifestLockResult.txt",
			);
			runOnlyForDeploymentPostprocessing = 0;
			shellPath = /bin/sh;
			shellScript = "diff \"${PODS_PODFILE_DIR_PATH}/Podfile.lock\" \"${PODS_ROOT}/Manifest.lock\" > /dev/null\nif [ $? != 0 ] ; then\n    # print error to STDERR\n    echo \"error: The sandbox is not in sync with the Podfile.lock. Run 'pod install' or update your CocoaPods installation.\" >&2\n    exit 1\nfi\n# This output is used by Xcode 'outputs' to avoid re-running this script phase.\necho \"SUCCESS\" > \"${SCRIPT_OUTPUT_FILE_0}\"\n";
			showEnvVarsInLog = 0;
		};
		F94B3A6BE16EDD0B2EC82F4B /* [CP] Embed Pods Frameworks */ = {
			isa = PBXShellScriptBuildPhase;
			buildActionMask = 2147483647;
			files = (
			);
			inputFileListPaths = (
				"${PODS_ROOT}/Target Support Files/Pods-AppStore/Pods-AppStore-frameworks-${CONFIGURATION}-input-files.xcfilelist",
			);
			name = "[CP] Embed Pods Frameworks";
			outputFileListPaths = (
				"${PODS_ROOT}/Target Support Files/Pods-AppStore/Pods-AppStore-frameworks-${CONFIGURATION}-output-files.xcfilelist",
			);
			runOnlyForDeploymentPostprocessing = 0;
			shellPath = /bin/sh;
			shellScript = "\"${PODS_ROOT}/Target Support Files/Pods-AppStore/Pods-AppStore-frameworks.sh\"\n";
			showEnvVarsInLog = 0;
		};
/* End PBXShellScriptBuildPhase section */

/* Begin PBXSourcesBuildPhase section */
		54A61FF029012D2500D38E29 /* Sources */ = {
			isa = PBXSourcesBuildPhase;
			buildActionMask = 2147483647;
			files = (
				5422B8B02902E4A50073A599 /* NetworkManager.swift in Sources */,
				540B3FAE2904A02A00B62DE9 /* AppsCell.swift in Sources */,
				541BE6F62909507900D70EFF /* Social.swift in Sources */,
				5485A46F2905E18C007945BE /* AppsHeaderHoriziontolController.swift in Sources */,
				5485A46B29059598007945BE /* AppsRowCell.swift in Sources */,
				542CF85829017855000BA643 /* UIImageView+Extension.swift in Sources */,
				5422B8AC2902DDCD0073A599 /* APIKey.swift in Sources */,
				5450820829013A1F00F397A0 /* BaseTabbarController.swift in Sources */,
				547F94882901EEB900765BBB /* UIView+Extension.swift in Sources */,
				547F948D290204F800765BBB /* HorizontolStackView.swift in Sources */,
				5450820B29013E3900F397A0 /* HomeVC.swift in Sources */,
				5449DA5D2906D3FB00375C55 /* AppsAPI.swift in Sources */,
				54E8BF542907062500EB52D2 /* FeedResponse.swift in Sources */,
				5422B8AE2902DF910073A599 /* ITunesAPI.swift in Sources */,
				542CF85429017804000BA643 /* CGFloat+Extension.swift in Sources */,
				5485A46D2905D04A007945BE /* AppsHeader.swift in Sources */,
				540B3FA8290498FE00B62DE9 /* BaseCollectionViewController.swift in Sources */,
				54A61FFC29012D2500D38E29 /* ViewController.swift in Sources */,
				5485A466290567B8007945BE /* AppsHorizontolCollection.swift in Sources */,
				545082122901431700F397A0 /* HomeViewModel.swift in Sources */,
				5449DA5A2906D19500375C55 /* Apps.swift in Sources */,
				54A61FF829012D2500D38E29 /* AppDelegate.swift in Sources */,
				5449DA542906AD4F00375C55 /* AppHeaderCell.swift in Sources */,
				5450820D29013E4500F397A0 /* AppsVC.swift in Sources */,
				5422B8B32902E8030073A599 /* ItunesResponse.swift in Sources */,
				547F948B2902032800765BBB /* VerticalStackView.swift in Sources */,
				544CC60E29030F2100EE0EE5 /* Itune.swift in Sources */,
				5450821629014EDB00F397A0 /* SearchViewModel.swift in Sources */,
				542CF85629017836000BA643 /* UICollectionView+Extension.swift in Sources */,
				5422B8AA2902DDC30073A599 /* APIError.swift in Sources */,
				5449DA582906D17800375C55 /* AppResponse.swift in Sources */,
				54A61FFA29012D2500D38E29 /* SceneDelegate.swift in Sources */,
				5450821429014BA700F397A0 /* AppsViewModel.swift in Sources */,
				5450820F29013E5000F397A0 /* SearchVC.swift in Sources */,
				5485A46429055704007945BE /* UILabel+Extension.swift in Sources */,
				54879A9729019802004CBEFC /* SearchResultCell.swift in Sources */,
				5422B8A82902DDB90073A599 /* APIMethod.swift in Sources */,
				542CF851290177CA000BA643 /* UIHelper.swift in Sources */,
				541BE6F8290950D200D70EFF /* SocialAPI.swift in Sources */,
			);
			runOnlyForDeploymentPostprocessing = 0;
		};
		54A6200629012D2600D38E29 /* Sources */ = {
			isa = PBXSourcesBuildPhase;
			buildActionMask = 2147483647;
			files = (
				54A6200F29012D2600D38E29 /* AppStoreTests.swift in Sources */,
			);
			runOnlyForDeploymentPostprocessing = 0;
		};
		54A6201029012D2600D38E29 /* Sources */ = {
			isa = PBXSourcesBuildPhase;
			buildActionMask = 2147483647;
			files = (
				54A6201B29012D2600D38E29 /* AppStoreUITestsLaunchTests.swift in Sources */,
				54A6201929012D2600D38E29 /* AppStoreUITests.swift in Sources */,
			);
			runOnlyForDeploymentPostprocessing = 0;
		};
/* End PBXSourcesBuildPhase section */

/* Begin PBXTargetDependency section */
		54A6200C29012D2600D38E29 /* PBXTargetDependency */ = {
			isa = PBXTargetDependency;
			target = 54A61FF329012D2500D38E29 /* AppStore */;
			targetProxy = 54A6200B29012D2600D38E29 /* PBXContainerItemProxy */;
		};
		54A6201629012D2600D38E29 /* PBXTargetDependency */ = {
			isa = PBXTargetDependency;
			target = 54A61FF329012D2500D38E29 /* AppStore */;
			targetProxy = 54A6201529012D2600D38E29 /* PBXContainerItemProxy */;
		};
/* End PBXTargetDependency section */

/* Begin PBXVariantGroup section */
		54A61FFD29012D2500D38E29 /* Main.storyboard */ = {
			isa = PBXVariantGroup;
			children = (
				54A61FFE29012D2500D38E29 /* Base */,
			);
			name = Main.storyboard;
			sourceTree = "<group>";
		};
		54A6200229012D2600D38E29 /* LaunchScreen.storyboard */ = {
			isa = PBXVariantGroup;
			children = (
				54A6200329012D2600D38E29 /* Base */,
			);
			name = LaunchScreen.storyboard;
			sourceTree = "<group>";
		};
/* End PBXVariantGroup section */

/* Begin XCBuildConfiguration section */
		54A6201C29012D2600D38E29 /* Debug */ = {
			isa = XCBuildConfiguration;
			buildSettings = {
				ALWAYS_SEARCH_USER_PATHS = NO;
				CLANG_ANALYZER_NONNULL = YES;
				CLANG_ANALYZER_NUMBER_OBJECT_CONVERSION = YES_AGGRESSIVE;
				CLANG_CXX_LANGUAGE_STANDARD = "gnu++17";
				CLANG_ENABLE_MODULES = YES;
				CLANG_ENABLE_OBJC_ARC = YES;
				CLANG_ENABLE_OBJC_WEAK = YES;
				CLANG_WARN_BLOCK_CAPTURE_AUTORELEASING = YES;
				CLANG_WARN_BOOL_CONVERSION = YES;
				CLANG_WARN_COMMA = YES;
				CLANG_WARN_CONSTANT_CONVERSION = YES;
				CLANG_WARN_DEPRECATED_OBJC_IMPLEMENTATIONS = YES;
				CLANG_WARN_DIRECT_OBJC_ISA_USAGE = YES_ERROR;
				CLANG_WARN_DOCUMENTATION_COMMENTS = YES;
				CLANG_WARN_EMPTY_BODY = YES;
				CLANG_WARN_ENUM_CONVERSION = YES;
				CLANG_WARN_INFINITE_RECURSION = YES;
				CLANG_WARN_INT_CONVERSION = YES;
				CLANG_WARN_NON_LITERAL_NULL_CONVERSION = YES;
				CLANG_WARN_OBJC_IMPLICIT_RETAIN_SELF = YES;
				CLANG_WARN_OBJC_LITERAL_CONVERSION = YES;
				CLANG_WARN_OBJC_ROOT_CLASS = YES_ERROR;
				CLANG_WARN_QUOTED_INCLUDE_IN_FRAMEWORK_HEADER = YES;
				CLANG_WARN_RANGE_LOOP_ANALYSIS = YES;
				CLANG_WARN_STRICT_PROTOTYPES = YES;
				CLANG_WARN_SUSPICIOUS_MOVE = YES;
				CLANG_WARN_UNGUARDED_AVAILABILITY = YES_AGGRESSIVE;
				CLANG_WARN_UNREACHABLE_CODE = YES;
				CLANG_WARN__DUPLICATE_METHOD_MATCH = YES;
				COPY_PHASE_STRIP = NO;
				DEBUG_INFORMATION_FORMAT = dwarf;
				ENABLE_STRICT_OBJC_MSGSEND = YES;
				ENABLE_TESTABILITY = YES;
				GCC_C_LANGUAGE_STANDARD = gnu11;
				GCC_DYNAMIC_NO_PIC = NO;
				GCC_NO_COMMON_BLOCKS = YES;
				GCC_OPTIMIZATION_LEVEL = 0;
				GCC_PREPROCESSOR_DEFINITIONS = (
					"DEBUG=1",
					"$(inherited)",
				);
				GCC_WARN_64_TO_32_BIT_CONVERSION = YES;
				GCC_WARN_ABOUT_RETURN_TYPE = YES_ERROR;
				GCC_WARN_UNDECLARED_SELECTOR = YES;
				GCC_WARN_UNINITIALIZED_AUTOS = YES_AGGRESSIVE;
				GCC_WARN_UNUSED_FUNCTION = YES;
				GCC_WARN_UNUSED_VARIABLE = YES;
				IPHONEOS_DEPLOYMENT_TARGET = 15.4;
				MTL_ENABLE_DEBUG_INFO = INCLUDE_SOURCE;
				MTL_FAST_MATH = YES;
				ONLY_ACTIVE_ARCH = YES;
				SDKROOT = iphoneos;
				SWIFT_ACTIVE_COMPILATION_CONDITIONS = DEBUG;
				SWIFT_OPTIMIZATION_LEVEL = "-Onone";
			};
			name = Debug;
		};
		54A6201D29012D2600D38E29 /* Release */ = {
			isa = XCBuildConfiguration;
			buildSettings = {
				ALWAYS_SEARCH_USER_PATHS = NO;
				CLANG_ANALYZER_NONNULL = YES;
				CLANG_ANALYZER_NUMBER_OBJECT_CONVERSION = YES_AGGRESSIVE;
				CLANG_CXX_LANGUAGE_STANDARD = "gnu++17";
				CLANG_ENABLE_MODULES = YES;
				CLANG_ENABLE_OBJC_ARC = YES;
				CLANG_ENABLE_OBJC_WEAK = YES;
				CLANG_WARN_BLOCK_CAPTURE_AUTORELEASING = YES;
				CLANG_WARN_BOOL_CONVERSION = YES;
				CLANG_WARN_COMMA = YES;
				CLANG_WARN_CONSTANT_CONVERSION = YES;
				CLANG_WARN_DEPRECATED_OBJC_IMPLEMENTATIONS = YES;
				CLANG_WARN_DIRECT_OBJC_ISA_USAGE = YES_ERROR;
				CLANG_WARN_DOCUMENTATION_COMMENTS = YES;
				CLANG_WARN_EMPTY_BODY = YES;
				CLANG_WARN_ENUM_CONVERSION = YES;
				CLANG_WARN_INFINITE_RECURSION = YES;
				CLANG_WARN_INT_CONVERSION = YES;
				CLANG_WARN_NON_LITERAL_NULL_CONVERSION = YES;
				CLANG_WARN_OBJC_IMPLICIT_RETAIN_SELF = YES;
				CLANG_WARN_OBJC_LITERAL_CONVERSION = YES;
				CLANG_WARN_OBJC_ROOT_CLASS = YES_ERROR;
				CLANG_WARN_QUOTED_INCLUDE_IN_FRAMEWORK_HEADER = YES;
				CLANG_WARN_RANGE_LOOP_ANALYSIS = YES;
				CLANG_WARN_STRICT_PROTOTYPES = YES;
				CLANG_WARN_SUSPICIOUS_MOVE = YES;
				CLANG_WARN_UNGUARDED_AVAILABILITY = YES_AGGRESSIVE;
				CLANG_WARN_UNREACHABLE_CODE = YES;
				CLANG_WARN__DUPLICATE_METHOD_MATCH = YES;
				COPY_PHASE_STRIP = NO;
				DEBUG_INFORMATION_FORMAT = "dwarf-with-dsym";
				ENABLE_NS_ASSERTIONS = NO;
				ENABLE_STRICT_OBJC_MSGSEND = YES;
				GCC_C_LANGUAGE_STANDARD = gnu11;
				GCC_NO_COMMON_BLOCKS = YES;
				GCC_WARN_64_TO_32_BIT_CONVERSION = YES;
				GCC_WARN_ABOUT_RETURN_TYPE = YES_ERROR;
				GCC_WARN_UNDECLARED_SELECTOR = YES;
				GCC_WARN_UNINITIALIZED_AUTOS = YES_AGGRESSIVE;
				GCC_WARN_UNUSED_FUNCTION = YES;
				GCC_WARN_UNUSED_VARIABLE = YES;
				IPHONEOS_DEPLOYMENT_TARGET = 15.4;
				MTL_ENABLE_DEBUG_INFO = NO;
				MTL_FAST_MATH = YES;
				SDKROOT = iphoneos;
				SWIFT_COMPILATION_MODE = wholemodule;
				SWIFT_OPTIMIZATION_LEVEL = "-O";
				VALIDATE_PRODUCT = YES;
			};
			name = Release;
		};
		54A6201F29012D2600D38E29 /* Debug */ = {
			isa = XCBuildConfiguration;
			baseConfigurationReference = 5D3433DC6E99BC0CB7E502CF /* Pods-AppStore.debug.xcconfig */;
			buildSettings = {
				ASSETCATALOG_COMPILER_APPICON_NAME = AppIcon;
				ASSETCATALOG_COMPILER_GLOBAL_ACCENT_COLOR_NAME = AccentColor;
				CODE_SIGN_STYLE = Automatic;
				CURRENT_PROJECT_VERSION = 1;
				DEVELOPMENT_TEAM = WJT22M2F7F;
				GENERATE_INFOPLIST_FILE = YES;
				INFOPLIST_FILE = AppStore/Supports/Info.plist;
				INFOPLIST_KEY_UIApplicationSupportsIndirectInputEvents = YES;
				INFOPLIST_KEY_UILaunchStoryboardName = LaunchScreen;
				INFOPLIST_KEY_UIMainStoryboardFile = Main;
				INFOPLIST_KEY_UISupportedInterfaceOrientations = UIInterfaceOrientationPortrait;
				INFOPLIST_KEY_UISupportedInterfaceOrientations_iPad = "UIInterfaceOrientationPortrait UIInterfaceOrientationPortraitUpsideDown UIInterfaceOrientationLandscapeLeft UIInterfaceOrientationLandscapeRight";
				INFOPLIST_KEY_UISupportedInterfaceOrientations_iPhone = "UIInterfaceOrientationPortrait UIInterfaceOrientationLandscapeLeft UIInterfaceOrientationLandscapeRight";
				IPHONEOS_DEPLOYMENT_TARGET = 13.0;
				LD_RUNPATH_SEARCH_PATHS = (
					"$(inherited)",
					"@executable_path/Frameworks",
				);
				MARKETING_VERSION = 1.0.1;
				PRODUCT_BUNDLE_IDENTIFIER = "burak-akcan.AppStore";
				PRODUCT_NAME = "$(TARGET_NAME)";
				SWIFT_EMIT_LOC_STRINGS = YES;
				SWIFT_VERSION = 4.2;
				TARGETED_DEVICE_FAMILY = 1;
			};
			name = Debug;
		};
		54A6202029012D2600D38E29 /* Release */ = {
			isa = XCBuildConfiguration;
			baseConfigurationReference = 0A9BA91E645045851326BD3B /* Pods-AppStore.release.xcconfig */;
			buildSettings = {
				ASSETCATALOG_COMPILER_APPICON_NAME = AppIcon;
				ASSETCATALOG_COMPILER_GLOBAL_ACCENT_COLOR_NAME = AccentColor;
				CODE_SIGN_STYLE = Automatic;
				CURRENT_PROJECT_VERSION = 1;
				DEVELOPMENT_TEAM = WJT22M2F7F;
				GENERATE_INFOPLIST_FILE = YES;
				INFOPLIST_FILE = AppStore/Supports/Info.plist;
				INFOPLIST_KEY_UIApplicationSupportsIndirectInputEvents = YES;
				INFOPLIST_KEY_UILaunchStoryboardName = LaunchScreen;
				INFOPLIST_KEY_UIMainStoryboardFile = Main;
				INFOPLIST_KEY_UISupportedInterfaceOrientations = UIInterfaceOrientationPortrait;
				INFOPLIST_KEY_UISupportedInterfaceOrientations_iPad = "UIInterfaceOrientationPortrait UIInterfaceOrientationPortraitUpsideDown UIInterfaceOrientationLandscapeLeft UIInterfaceOrientationLandscapeRight";
				INFOPLIST_KEY_UISupportedInterfaceOrientations_iPhone = "UIInterfaceOrientationPortrait UIInterfaceOrientationLandscapeLeft UIInterfaceOrientationLandscapeRight";
				IPHONEOS_DEPLOYMENT_TARGET = 13.0;
				LD_RUNPATH_SEARCH_PATHS = (
					"$(inherited)",
					"@executable_path/Frameworks",
				);
				MARKETING_VERSION = 1.0.1;
				PRODUCT_BUNDLE_IDENTIFIER = "burak-akcan.AppStore";
				PRODUCT_NAME = "$(TARGET_NAME)";
				SWIFT_EMIT_LOC_STRINGS = YES;
				SWIFT_VERSION = 4.2;
				TARGETED_DEVICE_FAMILY = 1;
			};
			name = Release;
		};
		54A6202229012D2600D38E29 /* Debug */ = {
			isa = XCBuildConfiguration;
			baseConfigurationReference = 1C017F021A9FB705DDEEFC8D /* Pods-AppStoreTests.debug.xcconfig */;
			buildSettings = {
				ALWAYS_EMBED_SWIFT_STANDARD_LIBRARIES = YES;
				BUNDLE_LOADER = "$(TEST_HOST)";
				CODE_SIGN_STYLE = Automatic;
				CURRENT_PROJECT_VERSION = 1;
				DEVELOPMENT_TEAM = WJT22M2F7F;
				GENERATE_INFOPLIST_FILE = YES;
				IPHONEOS_DEPLOYMENT_TARGET = 15.4;
				MARKETING_VERSION = 1.0;
				PRODUCT_BUNDLE_IDENTIFIER = "burak-akcan.AppStoreTests";
				PRODUCT_NAME = "$(TARGET_NAME)";
				SWIFT_EMIT_LOC_STRINGS = NO;
				SWIFT_VERSION = 5.0;
				TARGETED_DEVICE_FAMILY = "1,2";
				TEST_HOST = "$(BUILT_PRODUCTS_DIR)/AppStore.app/AppStore";
			};
			name = Debug;
		};
		54A6202329012D2600D38E29 /* Release */ = {
			isa = XCBuildConfiguration;
			baseConfigurationReference = DF30B71C8B7B10F38116105D /* Pods-AppStoreTests.release.xcconfig */;
			buildSettings = {
				ALWAYS_EMBED_SWIFT_STANDARD_LIBRARIES = YES;
				BUNDLE_LOADER = "$(TEST_HOST)";
				CODE_SIGN_STYLE = Automatic;
				CURRENT_PROJECT_VERSION = 1;
				DEVELOPMENT_TEAM = WJT22M2F7F;
				GENERATE_INFOPLIST_FILE = YES;
				IPHONEOS_DEPLOYMENT_TARGET = 15.4;
				MARKETING_VERSION = 1.0;
				PRODUCT_BUNDLE_IDENTIFIER = "burak-akcan.AppStoreTests";
				PRODUCT_NAME = "$(TARGET_NAME)";
				SWIFT_EMIT_LOC_STRINGS = NO;
				SWIFT_VERSION = 5.0;
				TARGETED_DEVICE_FAMILY = "1,2";
				TEST_HOST = "$(BUILT_PRODUCTS_DIR)/AppStore.app/AppStore";
			};
			name = Release;
		};
		54A6202529012D2600D38E29 /* Debug */ = {
			isa = XCBuildConfiguration;
			baseConfigurationReference = 7791F318EC8EF05A6333829F /* Pods-AppStore-AppStoreUITests.debug.xcconfig */;
			buildSettings = {
				ALWAYS_EMBED_SWIFT_STANDARD_LIBRARIES = YES;
				CODE_SIGN_STYLE = Automatic;
				CURRENT_PROJECT_VERSION = 1;
				DEVELOPMENT_TEAM = WJT22M2F7F;
				GENERATE_INFOPLIST_FILE = YES;
				MARKETING_VERSION = 1.0;
				PRODUCT_BUNDLE_IDENTIFIER = "burak-akcan.AppStoreUITests";
				PRODUCT_NAME = "$(TARGET_NAME)";
				SWIFT_EMIT_LOC_STRINGS = NO;
				SWIFT_VERSION = 5.0;
				TARGETED_DEVICE_FAMILY = "1,2";
				TEST_TARGET_NAME = AppStore;
			};
			name = Debug;
		};
		54A6202629012D2600D38E29 /* Release */ = {
			isa = XCBuildConfiguration;
			baseConfigurationReference = 992F70C66E460C8CD13DDF1B /* Pods-AppStore-AppStoreUITests.release.xcconfig */;
			buildSettings = {
				ALWAYS_EMBED_SWIFT_STANDARD_LIBRARIES = YES;
				CODE_SIGN_STYLE = Automatic;
				CURRENT_PROJECT_VERSION = 1;
				DEVELOPMENT_TEAM = WJT22M2F7F;
				GENERATE_INFOPLIST_FILE = YES;
				MARKETING_VERSION = 1.0;
				PRODUCT_BUNDLE_IDENTIFIER = "burak-akcan.AppStoreUITests";
				PRODUCT_NAME = "$(TARGET_NAME)";
				SWIFT_EMIT_LOC_STRINGS = NO;
				SWIFT_VERSION = 5.0;
				TARGETED_DEVICE_FAMILY = "1,2";
				TEST_TARGET_NAME = AppStore;
			};
			name = Release;
		};
/* End XCBuildConfiguration section */

/* Begin XCConfigurationList section */
		54A61FEF29012D2500D38E29 /* Build configuration list for PBXProject "AppStore" */ = {
			isa = XCConfigurationList;
			buildConfigurations = (
				54A6201C29012D2600D38E29 /* Debug */,
				54A6201D29012D2600D38E29 /* Release */,
			);
			defaultConfigurationIsVisible = 0;
			defaultConfigurationName = Release;
		};
		54A6201E29012D2600D38E29 /* Build configuration list for PBXNativeTarget "AppStore" */ = {
			isa = XCConfigurationList;
			buildConfigurations = (
				54A6201F29012D2600D38E29 /* Debug */,
				54A6202029012D2600D38E29 /* Release */,
			);
			defaultConfigurationIsVisible = 0;
			defaultConfigurationName = Release;
		};
		54A6202129012D2600D38E29 /* Build configuration list for PBXNativeTarget "AppStoreTests" */ = {
			isa = XCConfigurationList;
			buildConfigurations = (
				54A6202229012D2600D38E29 /* Debug */,
				54A6202329012D2600D38E29 /* Release */,
			);
			defaultConfigurationIsVisible = 0;
			defaultConfigurationName = Release;
		};
		54A6202429012D2600D38E29 /* Build configuration list for PBXNativeTarget "AppStoreUITests" */ = {
			isa = XCConfigurationList;
			buildConfigurations = (
				54A6202529012D2600D38E29 /* Debug */,
				54A6202629012D2600D38E29 /* Release */,
			);
			defaultConfigurationIsVisible = 0;
			defaultConfigurationName = Release;
		};
/* End XCConfigurationList section */
	};
	rootObject = 54A61FEC29012D2500D38E29 /* Project object */;
}
